{
    "name": "@helios-lang/ledger-shelley",
    "version": "0.1.3",
    "lockfileVersion": 3,
    "requires": true,
    "packages": {
        "": {
            "name": "@helios-lang/ledger-shelley",
            "version": "0.1.3",
            "license": "BSD-3-Clause",
            "dependencies": {
                "@helios-lang/cbor": "^0.1.21",
                "@helios-lang/codec-utils": "^0.1.32",
                "@helios-lang/type-utils": "^0.1.21",
                "@helios-lang/uplc": "^0.3.0"
            },
            "devDependencies": {
                "@types/node": "^22.5.0",
                "prettier": "^3.3.3",
                "typescript": "^5.5.4"
            }
        },
        "node_modules/@helios-lang/cbor": {
            "version": "0.1.21",
            "resolved": "https://registry.npmjs.org/@helios-lang/cbor/-/cbor-0.1.21.tgz",
            "integrity": "sha512-EHIKmN1fDPtEwjvPHCjCHf3JtCK2j09z6dwTiSI4HJ7sl62nr5Ti1B0/EkiKrahfKQnYl/wgtVyKoY/qgIJQMw==",
            "dependencies": {
                "@helios-lang/codec-utils": "^0.1.30",
                "@helios-lang/type-utils": "^0.1.18"
            }
        },
        "node_modules/@helios-lang/codec-utils": {
            "version": "0.1.33",
            "resolved": "https://registry.npmjs.org/@helios-lang/codec-utils/-/codec-utils-0.1.33.tgz",
            "integrity": "sha512-zn6Q/KhB+V9Wqh8EKN6HuE1UY2+l+A1W788qGn2GrgLTLkwjwkbP1H4AdHxwJ1c5vgx12nAA8cGngnplB2I7xQ=="
        },
        "node_modules/@helios-lang/compiler-utils": {
            "version": "0.1.54",
            "resolved": "https://registry.npmjs.org/@helios-lang/compiler-utils/-/compiler-utils-0.1.54.tgz",
            "integrity": "sha512-Yco1TszlczuEfrDuaFRbjSYcNglROJ8vaWI0/LPlUSOM7jdh9/5fRT/jmXGXClCsdUKM7uissb1qHNk/EB2vww==",
            "dependencies": {
                "@helios-lang/codec-utils": "^0.1.30",
                "@helios-lang/type-utils": "^0.1.18"
            }
        },
        "node_modules/@helios-lang/crypto": {
            "version": "0.1.14",
            "resolved": "https://registry.npmjs.org/@helios-lang/crypto/-/crypto-0.1.14.tgz",
            "integrity": "sha512-86Q+saQoX10RfeAfLXRZt0UTgNmZFREnHnmjGnyKgPYGWNHhVKfn20+k4CDn03Kaa5rIrWh+iN+irsB4+Hv4Mg==",
            "dependencies": {
                "@helios-lang/codec-utils": "^0.1.30"
            }
        },
        "node_modules/@helios-lang/era": {
            "version": "0.1.2",
            "resolved": "https://registry.npmjs.org/@helios-lang/era/-/era-0.1.2.tgz",
            "integrity": "sha512-zthxic/tg/zpnEHX27n1ij/jGpXNq23B/cJRB3ZuTqbD2+54XzcKbqx2INFgGSZJCYBLiKYpmctKFBn+zrNftw=="
        },
        "node_modules/@helios-lang/type-utils": {
            "version": "0.1.21",
            "resolved": "https://registry.npmjs.org/@helios-lang/type-utils/-/type-utils-0.1.21.tgz",
            "integrity": "sha512-z12O84kEwVzqYmcYL+SWCaZNIkmF4cDvKFOtL3KiR6pwl8KngqiQk8MnBEyG06FUMKxCSknWayPGIYzM2HcqBw=="
        },
        "node_modules/@helios-lang/uplc": {
            "version": "0.3.0",
            "resolved": "https://registry.npmjs.org/@helios-lang/uplc/-/uplc-0.3.0.tgz",
            "integrity": "sha512-bAS7YUfs1P7fut9cI0fePSh10Qh0QndGn/XqylGqYrChvULGp4srS9wKMSZ+g6Xerub358pqBqp+tCkFi5fQ4w==",
            "dependencies": {
                "@helios-lang/cbor": "^0.1.21",
                "@helios-lang/codec-utils": "^0.1.33",
                "@helios-lang/compiler-utils": "^0.1.54",
                "@helios-lang/crypto": "^0.1.14",
                "@helios-lang/era": "^0.1.2",
                "@helios-lang/type-utils": "^0.1.18"
            }
        },
        "node_modules/@types/node": {
            "version": "22.5.0",
            "resolved": "https://registry.npmjs.org/@types/node/-/node-22.5.0.tgz",
            "integrity": "sha512-DkFrJOe+rfdHTqqMg0bSNlGlQ85hSoh2TPzZyhHsXnMtligRWpxUySiyw8FY14ITt24HVCiQPWxS3KO/QlGmWg==",
            "dev": true,
            "dependencies": {
                "undici-types": "~6.19.2"
            }
        },
        "node_modules/prettier": {
            "version": "3.3.3",
            "resolved": "https://registry.npmjs.org/prettier/-/prettier-3.3.3.tgz",
            "integrity": "sha512-i2tDNA0O5IrMO757lfrdQZCc2jPNDVntV0m/+4whiDfWaTKfMNgR7Qz0NAeGz/nRqF4m5/6CLzbP4/liHt12Ew==",
            "dev": true,
            "bin": {
                "prettier": "bin/prettier.cjs"
            },
            "engines": {
                "node": ">=14"
            },
            "funding": {
                "url": "https://github.com/prettier/prettier?sponsor=1"
            }
        },
        "node_modules/typescript": {
            "version": "5.5.4",
            "resolved": "https://registry.npmjs.org/typescript/-/typescript-5.5.4.tgz",
            "integrity": "sha512-Mtq29sKDAEYP7aljRgtPOpTvOfbwRWlS6dPRzwjdE+C0R4brX/GUyhHSecbHMFLNBLcJIPt9nl9yG5TZ1weH+Q==",
            "dev": true,
            "bin": {
                "tsc": "bin/tsc",
                "tsserver": "bin/tsserver"
            },
            "engines": {
                "node": ">=14.17"
            }
        },
        "node_modules/undici-types": {
            "version": "6.19.8",
            "resolved": "https://registry.npmjs.org/undici-types/-/undici-types-6.19.8.tgz",
            "integrity": "sha512-ve2KP6f/JnbPBFyobGHuerC9g1FYGn/F8n1LWTwNxCEzd6IfqTwUQcNXgEtmmQ6DlRrC1hrSrBnCZPokRrDHjw==",
            "dev": true
        }
    }
}
